
Microsoft Visual Studio Solution File, Format Version 12.00
# Visual Studio 2012
Project("{FAE04EC0-301F-11D3-BF4B-00C04F79EFBC}") = "WindMonitoringSystem", "WindMonitoringSystem\WindMonitoringSystem.csproj", "{6A9F8B50-3DFB-4E95-B585-ED4E1DF2606B}"
EndProject
Project("{FAE04EC0-301F-11D3-BF4B-00C04F79EFBC}") = "WindMonitoringSystem.Tests", "WindMonitoringSystem.Tests\WindMonitoringSystem.Tests.csproj", "{08181883-3246-4EED-B050-33BBABE13ED4}"
EndProject
Global
	GlobalSection(SolutionConfigurationPlatforms) = preSolution
		Debug|Any CPU = Debug|Any CPU
		Release|Any CPU = Release|Any CPU
	EndGlobalSection
	GlobalSection(ProjectConfigurationPlatforms) = postSolution
		{6A9F8B50-3DFB-4E95-B585-ED4E1DF2606B}.Debug|Any CPU.ActiveCfg = Debug|Any CPU
		{6A9F8B50-3DFB-4E95-B585-ED4E1DF2606B}.Debug|Any CPU.Build.0 = Debug|Any CPU
		{6A9F8B50-3DFB-4E95-B585-ED4E1DF2606B}.Release|Any CPU.ActiveCfg = Release|Any CPU
		{6A9F8B50-3DFB-4E95-B585-ED4E1DF2606B}.Release|Any CPU.Build.0 = Release|Any CPU
		{08181883-3246-4EED-B050-33BBABE13ED4}.Debug|Any CPU.ActiveCfg = Debug|Any CPU
		{08181883-3246-4EED-B050-33BBABE13ED4}.Debug|Any CPU.Build.0 = Debug|Any CPU
		{08181883-3246-4EED-B050-33BBABE13ED4}.Release|Any CPU.ActiveCfg = Release|Any CPU
		{08181883-3246-4EED-B050-33BBABE13ED4}.Release|Any CPU.Build.0 = Release|Any CPU
	EndGlobalSection
	GlobalSection(SolutionProperties) = preSolution
		HideSolutionNode = FALSE
	EndGlobalSection
EndGlobal
